
Microsoft Visual Studio Solution File, Format Version 11.00
# Visual Studio 2010
Project("{FAE04EC0-301F-11D3-BF4B-00C04F79EFBC}") = "Confgen", "confgen\Confgen.csproj", "{1BE9D39E-DB5E-410F-B2C3-62B3E1A5D3A3}"
EndProject
Project("{FAE04EC0-301F-11D3-BF4B-00C04F79EFBC}") = "Confgen.UnitTests", "confgen.UnitTests\Confgen.UnitTests.csproj", "{95F9D710-2670-4B1C-BB45-130790EE1AF0}"
EndProject
Global
	GlobalSection(SolutionConfigurationPlatforms) = preSolution
		Debug|Any CPU = Debug|Any CPU
		Release|Any CPU = Release|Any CPU
	EndGlobalSection
	GlobalSection(ProjectConfigurationPlatforms) = postSolution
		{1BE9D39E-DB5E-410F-B2C3-62B3E1A5D3A3}.Debug|Any CPU.ActiveCfg = Debug|Any CPU
		{1BE9D39E-DB5E-410F-B2C3-62B3E1A5D3A3}.Debug|Any CPU.Build.0 = Debug|Any CPU
		{1BE9D39E-DB5E-410F-B2C3-62B3E1A5D3A3}.Release|Any CPU.ActiveCfg = Release|Any CPU
		{1BE9D39E-DB5E-410F-B2C3-62B3E1A5D3A3}.Release|Any CPU.Build.0 = Release|Any CPU
		{95F9D710-2670-4B1C-BB45-130790EE1AF0}.Debug|Any CPU.ActiveCfg = Debug|Any CPU
		{95F9D710-2670-4B1C-BB45-130790EE1AF0}.Debug|Any CPU.Build.0 = Debug|Any CPU
		{95F9D710-2670-4B1C-BB45-130790EE1AF0}.Release|Any CPU.ActiveCfg = Release|Any CPU
		{95F9D710-2670-4B1C-BB45-130790EE1AF0}.Release|Any CPU.Build.0 = Release|Any CPU
	EndGlobalSection
	GlobalSection(SolutionProperties) = preSolution
		HideSolutionNode = FALSE
	EndGlobalSection
EndGlobal
